# This file is automatically @generated by Cargo.
# It is not intended for manual editing.
version = 3

[[package]]
name = "bitcode"
version = "0.5.0"
source = "registry+https://github.com/rust-lang/crates.io-index"
checksum = "4a278afe77ea4781c806c23d1fa50b5f3c38282247ac78c3f85caa11c325bee1"
dependencies = [
 "bitcode_derive",
 "bitintr",
 "bytemuck",
 "from_bytes_or_zeroed",
 "residua-zigzag",
 "serde",
 "simdutf8",
]

[[package]]
name = "bitcode_derive"
version = "0.5.0"
source = "registry+https://github.com/rust-lang/crates.io-index"
checksum = "4c25ffc293cbf807499083d016ce3bc0459aaa7fd624c1cc563718a2440cb38a"
dependencies = [
 "packagemerge",
 "proc-macro2",
 "quote",
 "syn",
]

[[package]]
name = "bitintr"
version = "0.3.0"
source = "registry+https://github.com/rust-lang/crates.io-index"
checksum = "7ba5a5c4df8ac8673f22698f443ef1ce3853d7f22d5a15ebf66b9a7553b173dd"

[[package]]
name = "bytemuck"
version = "1.14.0"
source = "registry+https://github.com/rust-lang/crates.io-index"
checksum = "374d28ec25809ee0e23827c2ab573d729e293f281dfe393500e7ad618baa61c6"

[[package]]
name = "bytes"
version = "1.5.0"
source = "registry+https://github.com/rust-lang/crates.io-index"
checksum = "a2bd12c1caf447e69cd4528f47f94d203fd2582878ecb9e9465484c4148a8223"

[[package]]
name = "from_bytes_or_zeroed"
version = "0.1.0"
source = "registry+https://github.com/rust-lang/crates.io-index"
checksum = "3d25934a78435889223e575c7b0fc36a290c5a312e7a7ae901f10587792e142a"

[[package]]
name = "indexa"
version = "0.1.0"
dependencies = [
 "bitcode",
 "mapstore",
 "serde",
]

[[package]]
name = "itertools"
version = "0.4.19"
source = "registry+https://github.com/rust-lang/crates.io-index"
checksum = "c4a9b56eb56058f43dc66e58f40a214b2ccbc9f3df51861b63d51dec7b65bc3f"

[[package]]
name = "libc"
version = "0.2.150"
source = "registry+https://github.com/rust-lang/crates.io-index"
checksum = "89d92a4743f9a61002fae18374ed11e7973f530cb3a3255fb354818118b2203c"

[[package]]
name = "mapstore"
version = "0.1.0"
dependencies = [
 "bitcode",
 "bytes",
 "memmap2",
 "serde",
]

[[package]]
name = "memmap2"
version = "0.9.0"
source = "registry+https://github.com/rust-lang/crates.io-index"
checksum = "deaba38d7abf1d4cca21cc89e932e542ba2b9258664d2a9ef0e61512039c9375"
dependencies = [
 "libc",
]

[[package]]
name = "packagemerge"
version = "0.1.0"
source = "registry+https://github.com/rust-lang/crates.io-index"
checksum = "0efcf6ee55f8f7a24333bc8d1dd0e541a6cedf903dbc07ae6479d7f8ff32ed08"
dependencies = [
 "itertools",
]

[[package]]
name = "proc-macro2"
version = "1.0.70"
source = "registry+https://github.com/rust-lang/crates.io-index"
checksum = "39278fbbf5fb4f646ce651690877f89d1c5811a3d4acb27700c1cb3cdb78fd3b"
dependencies = [
 "unicode-ident",
]

[[package]]
name = "quote"
version = "1.0.33"
source = "registry+https://github.com/rust-lang/crates.io-index"
checksum = "5267fca4496028628a95160fc423a33e8b2e6af8a5302579e322e4b520293cae"
dependencies = [
 "proc-macro2",
]

[[package]]
name = "residua-zigzag"
version = "0.1.0"
source = "registry+https://github.com/rust-lang/crates.io-index"
checksum = "2b37805477eee599a61753230f511ae94d737f69b536e468e294723ad5f1b75f"

[[package]]
name = "serde"
version = "1.0.193"
source = "registry+https://github.com/rust-lang/crates.io-index"
checksum = "25dd9975e68d0cb5aa1120c288333fc98731bd1dd12f561e468ea4728c042b89"
dependencies = [
 "serde_derive",
]

[[package]]
name = "serde_derive"
version = "1.0.193"
source = "registry+https://github.com/rust-lang/crates.io-index"
checksum = "43576ca501357b9b071ac53cdc7da8ef0cbd9493d8df094cd821777ea6e894d3"
dependencies = [
 "proc-macro2",
 "quote",
 "syn",
]

[[package]]
name = "simdutf8"
version = "0.1.4"
source = "registry+https://github.com/rust-lang/crates.io-index"
checksum = "f27f6278552951f1f2b8cf9da965d10969b2efdea95a6ec47987ab46edfe263a"

[[package]]
name = "syn"
version = "2.0.39"
source = "registry+https://github.com/rust-lang/crates.io-index"
checksum = "23e78b90f2fcf45d3e842032ce32e3f2d1545ba6636271dcbf24fa306d87be7a"
dependencies = [
 "proc-macro2",
 "quote",
 "unicode-ident",
]

[[package]]
name = "unicode-ident"
version = "1.0.12"
source = "registry+https://github.com/rust-lang/crates.io-index"
checksum = "3354b9ac3fae1ff6755cb6db53683adb661634f67557942dea4facebec0fee4b"
